
Microsoft Visual Studio Solution File, Format Version 12.00
Project("{FAE04EC0-301F-11D3-BF4B-00C04F79EFBC}") = "AuctionServices", "src\AuctionServices\AuctionServices.csproj", "{21E87ADE-C139-4BC5-A2C2-F429C0A78D8E}"
EndProject
Project("{2150E333-8FDC-42A3-9474-1A3956D46DE8}") = "Solution Items", "Solution Items", "{41D1EE94-E479-454F-BD71-1020E5D4F7DB}"
	ProjectSection(SolutionItems) = preProject
		docker-compose.yaml = docker-compose.yaml
	EndProjectSection
EndProject
Global
	GlobalSection(SolutionConfigurationPlatforms) = preSolution
		Debug|Any CPU = Debug|Any CPU
		Release|Any CPU = Release|Any CPU
	EndGlobalSection
	GlobalSection(ProjectConfigurationPlatforms) = postSolution
		{21E87ADE-C139-4BC5-A2C2-F429C0A78D8E}.Debug|Any CPU.ActiveCfg = Debug|Any CPU
		{21E87ADE-C139-4BC5-A2C2-F429C0A78D8E}.Debug|Any CPU.Build.0 = Debug|Any CPU
		{21E87ADE-C139-4BC5-A2C2-F429C0A78D8E}.Release|Any CPU.ActiveCfg = Release|Any CPU
		{21E87ADE-C139-4BC5-A2C2-F429C0A78D8E}.Release|Any CPU.Build.0 = Release|Any CPU
	EndGlobalSection
EndGlobal
